
Microsoft Visual Studio Solution File, Format Version 12.00
# Visual Studio 15
VisualStudioVersion = 15.0.28307.1082
MinimumVisualStudioVersion = 10.0.40219.1
Project("{FAE04EC0-301F-11D3-BF4B-00C04F79EFBC}") = "FelixCoding", "FelixCoding\FelixCoding.csproj", "{5D299C74-AD4D-44B1-945E-00BBB2A658FC}"
EndProject
Project("{FAE04EC0-301F-11D3-BF4B-00C04F79EFBC}") = "NützlicheKlassen", "NützlicheKlassen\NützlicheKlassen.csproj", "{BEA47065-6C86-4ECD-8AAA-8067863476D9}"
EndProject
Global
	GlobalSection(SolutionConfigurationPlatforms) = preSolution
		Debug|Any CPU = Debug|Any CPU
		Release|Any CPU = Release|Any CPU
	EndGlobalSection
	GlobalSection(ProjectConfigurationPlatforms) = postSolution
		{5D299C74-AD4D-44B1-945E-00BBB2A658FC}.Debug|Any CPU.ActiveCfg = Debug|Any CPU
		{5D299C74-AD4D-44B1-945E-00BBB2A658FC}.Debug|Any CPU.Build.0 = Debug|Any CPU
		{5D299C74-AD4D-44B1-945E-00BBB2A658FC}.Release|Any CPU.ActiveCfg = Release|Any CPU
		{5D299C74-AD4D-44B1-945E-00BBB2A658FC}.Release|Any CPU.Build.0 = Release|Any CPU
		{BEA47065-6C86-4ECD-8AAA-8067863476D9}.Debug|Any CPU.ActiveCfg = Debug|Any CPU
		{BEA47065-6C86-4ECD-8AAA-8067863476D9}.Debug|Any CPU.Build.0 = Debug|Any CPU
		{BEA47065-6C86-4ECD-8AAA-8067863476D9}.Release|Any CPU.ActiveCfg = Release|Any CPU
		{BEA47065-6C86-4ECD-8AAA-8067863476D9}.Release|Any CPU.Build.0 = Release|Any CPU
	EndGlobalSection
	GlobalSection(SolutionProperties) = preSolution
		HideSolutionNode = FALSE
	EndGlobalSection
	GlobalSection(ExtensibilityGlobals) = postSolution
		SolutionGuid = {14FDF1D5-22B8-4B11-A884-66DF9C8AA3F7}
	EndGlobalSection
EndGlobal
